
Microsoft Visual Studio Solution File, Format Version 12.00
# Visual Studio Version 17
VisualStudioVersion = 17.5.33516.290
MinimumVisualStudioVersion = 10.0.40219.1
Project("{FAE04EC0-301F-11D3-BF4B-00C04F79EFBC}") = "MusicPlayerEdited", "MusicPlayerEdited\MusicPlayerEdited.csproj", "{09AFAC77-E11B-4B6F-9548-201FEBF5289B}"
EndProject
Global
	GlobalSection(SolutionConfigurationPlatforms) = preSolution
		Debug|Any CPU = Debug|Any CPU
		Release|Any CPU = Release|Any CPU
	EndGlobalSection
	GlobalSection(ProjectConfigurationPlatforms) = postSolution
		{09AFAC77-E11B-4B6F-9548-201FEBF5289B}.Debug|Any CPU.ActiveCfg = Debug|Any CPU
		{09AFAC77-E11B-4B6F-9548-201FEBF5289B}.Debug|Any CPU.Build.0 = Debug|Any CPU
		{09AFAC77-E11B-4B6F-9548-201FEBF5289B}.Release|Any CPU.ActiveCfg = Release|Any CPU
		{09AFAC77-E11B-4B6F-9548-201FEBF5289B}.Release|Any CPU.Build.0 = Release|Any CPU
	EndGlobalSection
	GlobalSection(SolutionProperties) = preSolution
		HideSolutionNode = FALSE
	EndGlobalSection
	GlobalSection(ExtensibilityGlobals) = postSolution
		SolutionGuid = {FC4A81B4-A348-45C8-B711-9576D5C2DF72}
	EndGlobalSection
EndGlobal
